{
  "name": "python-",
  "lockfileVersion": 2,
  "requires": true,
  "packages": {
    "": {
      "dependencies": {
        "plotly.js-dist": "^2.16.4"
      }
    },
    "node_modules/plotly.js-dist": {
      "version": "2.16.4",
      "resolved": "https://registry.npmjs.org/plotly.js-dist/-/plotly.js-dist-2.16.4.tgz",
      "integrity": "sha512-Bw8WFCdkee0H0F82hJ9CQ+Aah2N+/ChQiThN7y7E/mG+yQWhfmcErbPuhbfvOXk1psiEQNCDTUOOxn683CLAwg=="
    }
  },
  "dependencies": {
    "plotly.js-dist": {
      "version": "2.16.4",
      "resolved": "https://registry.npmjs.org/plotly.js-dist/-/plotly.js-dist-2.16.4.tgz",
      "integrity": "sha512-Bw8WFCdkee0H0F82hJ9CQ+Aah2N+/ChQiThN7y7E/mG+yQWhfmcErbPuhbfvOXk1psiEQNCDTUOOxn683CLAwg=="
    }
  }
}
